
Microsoft Visual Studio Solution File, Format Version 12.00
# Visual Studio 2013
VisualStudioVersion = 12.0.40629.0
MinimumVisualStudioVersion = 10.0.40219.1
Project("{888888A0-9F3D-457C-B088-3A5042F75D52}") = "BlackWaterUnpacker", "BlackWaterUnpacker\BlackWaterUnpacker.pyproj", "{89460315-4F7B-4B36-A6A4-B6CAF78074D9}"
EndProject
Global
	GlobalSection(SolutionConfigurationPlatforms) = preSolution
		Debug|Any CPU = Debug|Any CPU
		Release|Any CPU = Release|Any CPU
	EndGlobalSection
	GlobalSection(ProjectConfigurationPlatforms) = postSolution
		{89460315-4F7B-4B36-A6A4-B6CAF78074D9}.Debug|Any CPU.ActiveCfg = Debug|Any CPU
		{89460315-4F7B-4B36-A6A4-B6CAF78074D9}.Release|Any CPU.ActiveCfg = Release|Any CPU
	EndGlobalSection
	GlobalSection(SolutionProperties) = preSolution
		HideSolutionNode = FALSE
	EndGlobalSection
EndGlobal
